
Microsoft Visual Studio Solution File, Format Version 12.00
# Visual Studio Version 17
VisualStudioVersion = 17.3.32825.248
MinimumVisualStudioVersion = 10.0.40219.1
Project("{FAE04EC0-301F-11D3-BF4B-00C04F79EFBC}") = "EntornosPractica3.2", "EntornosPractica3.2\EntornosPractica3.2.csproj", "{85DA3847-FF78-4934-A54C-C2EB8DA7A51D}"
EndProject
Global
	GlobalSection(SolutionConfigurationPlatforms) = preSolution
		Debug|Any CPU = Debug|Any CPU
		Release|Any CPU = Release|Any CPU
	EndGlobalSection
	GlobalSection(ProjectConfigurationPlatforms) = postSolution
		{85DA3847-FF78-4934-A54C-C2EB8DA7A51D}.Debug|Any CPU.ActiveCfg = Debug|Any CPU
		{85DA3847-FF78-4934-A54C-C2EB8DA7A51D}.Debug|Any CPU.Build.0 = Debug|Any CPU
		{85DA3847-FF78-4934-A54C-C2EB8DA7A51D}.Release|Any CPU.ActiveCfg = Release|Any CPU
		{85DA3847-FF78-4934-A54C-C2EB8DA7A51D}.Release|Any CPU.Build.0 = Release|Any CPU
	EndGlobalSection
	GlobalSection(SolutionProperties) = preSolution
		HideSolutionNode = FALSE
	EndGlobalSection
	GlobalSection(ExtensibilityGlobals) = postSolution
		SolutionGuid = {EADE558A-A870-406D-A1D9-0BAB5EEEBA6A}
	EndGlobalSection
EndGlobal
